
Microsoft Visual Studio Solution File, Format Version 12.00
# Visual Studio Version 16
VisualStudioVersion = 16.0.30803.129
MinimumVisualStudioVersion = 10.0.40219.1
Project("{FAE04EC0-301F-11D3-BF4B-00C04F79EFBC}") = "gestion_pizzeria", "gestion_pizzeria.csproj", "{FF55FA07-C9C6-42C6-B67B-C52A2DB11287}"
EndProject
Global
	GlobalSection(SolutionConfigurationPlatforms) = preSolution
		Debug|Any CPU = Debug|Any CPU
		Release|Any CPU = Release|Any CPU
	EndGlobalSection
	GlobalSection(ProjectConfigurationPlatforms) = postSolution
		{FF55FA07-C9C6-42C6-B67B-C52A2DB11287}.Debug|Any CPU.ActiveCfg = Debug|Any CPU
		{FF55FA07-C9C6-42C6-B67B-C52A2DB11287}.Debug|Any CPU.Build.0 = Debug|Any CPU
		{FF55FA07-C9C6-42C6-B67B-C52A2DB11287}.Release|Any CPU.ActiveCfg = Release|Any CPU
		{FF55FA07-C9C6-42C6-B67B-C52A2DB11287}.Release|Any CPU.Build.0 = Release|Any CPU
	EndGlobalSection
	GlobalSection(SolutionProperties) = preSolution
		HideSolutionNode = FALSE
	EndGlobalSection
	GlobalSection(ExtensibilityGlobals) = postSolution
		SolutionGuid = {69D3D82A-84D3-47A7-A1DB-08358C60CE1C}
	EndGlobalSection
EndGlobal
